{
  "requires": true,
  "lockfileVersion": 1,
  "dependencies": {
    "angular": {
      "version": "1.7.3",
      "resolved": "https://registry.npmjs.org/angular/-/angular-1.7.3.tgz",
      "integrity": "sha512-hQRhU56shs72y88cS0Uy9g+UAMHoztJ3V+r+iF8o1AK/Bpu8ewmjFDk9j2LjSuN05a9mhxW1rOHnYKOwyTS/Zg=="
    },
    "angular-scroll-animate": {
      "version": "0.9.9",
      "resolved": "https://registry.npmjs.org/angular-scroll-animate/-/angular-scroll-animate-0.9.9.tgz",
      "integrity": "sha1-oqrQfhotCuSuARl2i2otaK7ssWc=",
      "requires": {
        "angular": "1.7.3"
      }
    },
    "undefined": {
      "version": "0.1.0",
      "resolved": "https://registry.npmjs.org/undefined/-/undefined-0.1.0.tgz",
      "integrity": "sha1-m3BqSzKtMMIMpP5l3cu72sMr3tA="
    }
  }
}
